
Microsoft Visual Studio Solution File, Format Version 12.00
Project("{FAE04EC0-301F-11D3-BF4B-00C04F79EFBC}") = "RandomChat", "RandomChat\RandomChat.csproj", "{AAC50657-1260-441B-9E99-AA0D34F9255D}"
EndProject
Project("{2150E333-8FDC-42A3-9474-1A3956D46DE8}") = "Tests", "Tests", "{78ADDDDC-CD15-46E5-A0B6-FA6ABD8B7B95}"
EndProject
Project("{FAE04EC0-301F-11D3-BF4B-00C04F79EFBC}") = "Server.Tests", "Tests\Server.Tests\Server.Tests.csproj", "{938DB9C6-BD4C-4255-AAE7-FD4A15C35414}"
EndProject
Project("{FAE04EC0-301F-11D3-BF4B-00C04F79EFBC}") = "Tcp", "Tcp\Tcp.csproj", "{3E4F3B4D-8C6B-43C2-AC95-A8FF10EB19A0}"
EndProject
Project("{FAE04EC0-301F-11D3-BF4B-00C04F79EFBC}") = "Server.Tests.Manual", "Tests\Server.Tests.Manual\Server.Tests.Manual.csproj", "{A47C4008-094B-44C3-86E1-EE49375C5848}"
EndProject
Project("{FAE04EC0-301F-11D3-BF4B-00C04F79EFBC}") = "RandomChat.Tests", "Tests\RandomChat.Tests\RandomChat.Tests.csproj", "{0218E37A-55D5-483D-8C5E-558AB032500C}"
EndProject
Project("{FAE04EC0-301F-11D3-BF4B-00C04F79EFBC}") = "RandomChat.Test.Manual.Server", "Tests\RandomChat.Test.Manual.Server\RandomChat.Test.Manual.Server.csproj", "{1C277B25-68DA-4EF7-969C-8DD99593771A}"
EndProject
Project("{FAE04EC0-301F-11D3-BF4B-00C04F79EFBC}") = "RandomChat.Test.Manual.Client", "Tests\RandomChat.Test.Manual.Client\RandomChat.Test.Manual.Client.csproj", "{FA82A501-EE7B-4388-9D88-180001461997}"
EndProject
Project("{2150E333-8FDC-42A3-9474-1A3956D46DE8}") = "Product", "Product", "{26E15CF5-E415-4FAE-BAFC-585E1E9969B7}"
EndProject
Project("{FAE04EC0-301F-11D3-BF4B-00C04F79EFBC}") = "Server", "Product\Server\Server.csproj", "{8131BF90-2B7B-41E9-B786-B10C8C704035}"
EndProject
Project("{FAE04EC0-301F-11D3-BF4B-00C04F79EFBC}") = "Client.Console", "Product\Client.Console\Client.Console.csproj", "{C12767BD-418F-4FFC-9465-491B172A7512}"
EndProject
Project("{FAE04EC0-301F-11D3-BF4B-00C04F79EFBC}") = "Client.WinForms", "Product\Client.WinForms\Client.WinForms.csproj", "{3EA8D682-E1D1-490E-A3AF-CE2A159092BF}"
EndProject
Global
	GlobalSection(SolutionConfigurationPlatforms) = preSolution
		Debug|Any CPU = Debug|Any CPU
		Release|Any CPU = Release|Any CPU
	EndGlobalSection
	GlobalSection(ProjectConfigurationPlatforms) = postSolution
		{AAC50657-1260-441B-9E99-AA0D34F9255D}.Debug|Any CPU.ActiveCfg = Debug|Any CPU
		{AAC50657-1260-441B-9E99-AA0D34F9255D}.Debug|Any CPU.Build.0 = Debug|Any CPU
		{AAC50657-1260-441B-9E99-AA0D34F9255D}.Release|Any CPU.ActiveCfg = Release|Any CPU
		{AAC50657-1260-441B-9E99-AA0D34F9255D}.Release|Any CPU.Build.0 = Release|Any CPU
		{938DB9C6-BD4C-4255-AAE7-FD4A15C35414}.Debug|Any CPU.ActiveCfg = Debug|Any CPU
		{938DB9C6-BD4C-4255-AAE7-FD4A15C35414}.Debug|Any CPU.Build.0 = Debug|Any CPU
		{938DB9C6-BD4C-4255-AAE7-FD4A15C35414}.Release|Any CPU.ActiveCfg = Release|Any CPU
		{938DB9C6-BD4C-4255-AAE7-FD4A15C35414}.Release|Any CPU.Build.0 = Release|Any CPU
		{3E4F3B4D-8C6B-43C2-AC95-A8FF10EB19A0}.Debug|Any CPU.ActiveCfg = Debug|Any CPU
		{3E4F3B4D-8C6B-43C2-AC95-A8FF10EB19A0}.Debug|Any CPU.Build.0 = Debug|Any CPU
		{3E4F3B4D-8C6B-43C2-AC95-A8FF10EB19A0}.Release|Any CPU.ActiveCfg = Release|Any CPU
		{3E4F3B4D-8C6B-43C2-AC95-A8FF10EB19A0}.Release|Any CPU.Build.0 = Release|Any CPU
		{A47C4008-094B-44C3-86E1-EE49375C5848}.Debug|Any CPU.ActiveCfg = Debug|Any CPU
		{A47C4008-094B-44C3-86E1-EE49375C5848}.Debug|Any CPU.Build.0 = Debug|Any CPU
		{A47C4008-094B-44C3-86E1-EE49375C5848}.Release|Any CPU.ActiveCfg = Release|Any CPU
		{A47C4008-094B-44C3-86E1-EE49375C5848}.Release|Any CPU.Build.0 = Release|Any CPU
		{0218E37A-55D5-483D-8C5E-558AB032500C}.Debug|Any CPU.ActiveCfg = Debug|Any CPU
		{0218E37A-55D5-483D-8C5E-558AB032500C}.Debug|Any CPU.Build.0 = Debug|Any CPU
		{0218E37A-55D5-483D-8C5E-558AB032500C}.Release|Any CPU.ActiveCfg = Release|Any CPU
		{0218E37A-55D5-483D-8C5E-558AB032500C}.Release|Any CPU.Build.0 = Release|Any CPU
		{1C277B25-68DA-4EF7-969C-8DD99593771A}.Debug|Any CPU.ActiveCfg = Debug|Any CPU
		{1C277B25-68DA-4EF7-969C-8DD99593771A}.Debug|Any CPU.Build.0 = Debug|Any CPU
		{1C277B25-68DA-4EF7-969C-8DD99593771A}.Release|Any CPU.ActiveCfg = Release|Any CPU
		{1C277B25-68DA-4EF7-969C-8DD99593771A}.Release|Any CPU.Build.0 = Release|Any CPU
		{FA82A501-EE7B-4388-9D88-180001461997}.Debug|Any CPU.ActiveCfg = Debug|Any CPU
		{FA82A501-EE7B-4388-9D88-180001461997}.Debug|Any CPU.Build.0 = Debug|Any CPU
		{FA82A501-EE7B-4388-9D88-180001461997}.Release|Any CPU.ActiveCfg = Release|Any CPU
		{FA82A501-EE7B-4388-9D88-180001461997}.Release|Any CPU.Build.0 = Release|Any CPU
		{8131BF90-2B7B-41E9-B786-B10C8C704035}.Debug|Any CPU.ActiveCfg = Debug|Any CPU
		{8131BF90-2B7B-41E9-B786-B10C8C704035}.Debug|Any CPU.Build.0 = Debug|Any CPU
		{8131BF90-2B7B-41E9-B786-B10C8C704035}.Release|Any CPU.ActiveCfg = Release|Any CPU
		{8131BF90-2B7B-41E9-B786-B10C8C704035}.Release|Any CPU.Build.0 = Release|Any CPU
		{C12767BD-418F-4FFC-9465-491B172A7512}.Debug|Any CPU.ActiveCfg = Debug|Any CPU
		{C12767BD-418F-4FFC-9465-491B172A7512}.Debug|Any CPU.Build.0 = Debug|Any CPU
		{C12767BD-418F-4FFC-9465-491B172A7512}.Release|Any CPU.ActiveCfg = Release|Any CPU
		{C12767BD-418F-4FFC-9465-491B172A7512}.Release|Any CPU.Build.0 = Release|Any CPU
		{3EA8D682-E1D1-490E-A3AF-CE2A159092BF}.Debug|Any CPU.ActiveCfg = Debug|Any CPU
		{3EA8D682-E1D1-490E-A3AF-CE2A159092BF}.Debug|Any CPU.Build.0 = Debug|Any CPU
		{3EA8D682-E1D1-490E-A3AF-CE2A159092BF}.Release|Any CPU.ActiveCfg = Release|Any CPU
		{3EA8D682-E1D1-490E-A3AF-CE2A159092BF}.Release|Any CPU.Build.0 = Release|Any CPU
	EndGlobalSection
	GlobalSection(NestedProjects) = preSolution
		{938DB9C6-BD4C-4255-AAE7-FD4A15C35414} = {78ADDDDC-CD15-46E5-A0B6-FA6ABD8B7B95}
		{A47C4008-094B-44C3-86E1-EE49375C5848} = {78ADDDDC-CD15-46E5-A0B6-FA6ABD8B7B95}
		{0218E37A-55D5-483D-8C5E-558AB032500C} = {78ADDDDC-CD15-46E5-A0B6-FA6ABD8B7B95}
		{1C277B25-68DA-4EF7-969C-8DD99593771A} = {78ADDDDC-CD15-46E5-A0B6-FA6ABD8B7B95}
		{FA82A501-EE7B-4388-9D88-180001461997} = {78ADDDDC-CD15-46E5-A0B6-FA6ABD8B7B95}
		{8131BF90-2B7B-41E9-B786-B10C8C704035} = {26E15CF5-E415-4FAE-BAFC-585E1E9969B7}
		{C12767BD-418F-4FFC-9465-491B172A7512} = {26E15CF5-E415-4FAE-BAFC-585E1E9969B7}
		{3EA8D682-E1D1-490E-A3AF-CE2A159092BF} = {26E15CF5-E415-4FAE-BAFC-585E1E9969B7}
	EndGlobalSection
EndGlobal
